{
  "name": "runtime-name-column-erlang",
  "lockfileVersion": 3,
  "requires": true,
  "packages": {
    "": {
      "name": "runtime-name-column-erlang",
      "dependencies": {
        "purs-backend-erl": "^0.0.3"
      }
    },
    "node_modules/purs-backend-erl": {
      "version": "0.0.3",
      "resolved": "https://registry.npmjs.org/purs-backend-erl/-/purs-backend-erl-0.0.3.tgz",
      "integrity": "sha512-+WHVcwbKvliLMu1n3dbWjLbjBCcFDdYIKL0H6QxcoEWfe+eLvZmmCmxsxLqKNhvgHyDmqh4PyYszZrNUUV4NAQ==",
      "license": "MIT",
      "bin": {
        "purs-backend-erl": "index.js"
      }
    }
  }
}
